
Microsoft Visual Studio Solution File, Format Version 12.00
# Visual Studio Version 17
VisualStudioVersion = 17.3.32922.545
MinimumVisualStudioVersion = 10.0.40219.1
Project("{9A19103F-16F7-4668-BE54-9A1E7A4F7556}") = "YtBookStore", "YtBookStore\YtBookStore.csproj", "{1D93970F-3C27-4325-A106-1D703EAFBE6D}"
EndProject
Global
	GlobalSection(SolutionConfigurationPlatforms) = preSolution
		Debug|Any CPU = Debug|Any CPU
		Release|Any CPU = Release|Any CPU
	EndGlobalSection
	GlobalSection(ProjectConfigurationPlatforms) = postSolution
		{1D93970F-3C27-4325-A106-1D703EAFBE6D}.Debug|Any CPU.ActiveCfg = Debug|Any CPU
		{1D93970F-3C27-4325-A106-1D703EAFBE6D}.Debug|Any CPU.Build.0 = Debug|Any CPU
		{1D93970F-3C27-4325-A106-1D703EAFBE6D}.Release|Any CPU.ActiveCfg = Release|Any CPU
		{1D93970F-3C27-4325-A106-1D703EAFBE6D}.Release|Any CPU.Build.0 = Release|Any CPU
	EndGlobalSection
	GlobalSection(SolutionProperties) = preSolution
		HideSolutionNode = FALSE
	EndGlobalSection
	GlobalSection(ExtensibilityGlobals) = postSolution
		SolutionGuid = {40F3A719-B093-49C9-AC2C-763FCE485A87}
	EndGlobalSection
EndGlobal
